// !$*UTF8*$!
{
	archiveVersion = 1;
	classes = {
	};
	objectVersion = 50;
	objects = {

/* Begin PBXBuildFile section */
		D816805222B6CA4C00C184EB /* AppDelegate.swift in Sources */ = {isa = PBXBuildFile; fileRef = D816805122B6CA4C00C184EB /* AppDelegate.swift */; };
		D816805422B6CA4C00C184EB /* ViewController.swift in Sources */ = {isa = PBXBuildFile; fileRef = D816805322B6CA4C00C184EB /* ViewController.swift */; };
		D816805722B6CA4C00C184EB /* Main.storyboard in Resources */ = {isa = PBXBuildFile; fileRef = D816805522B6CA4C00C184EB /* Main.storyboard */; };
		D816805A22B6CA4C00C184EB /* PhotosViewer.xcdatamodeld in Sources */ = {isa = PBXBuildFile; fileRef = D816805822B6CA4C00C184EB /* PhotosViewer.xcdatamodeld */; };
		D816805C22B6CA4E00C184EB /* Assets.xcassets in Resources */ = {isa = PBXBuildFile; fileRef = D816805B22B6CA4E00C184EB /* Assets.xcassets */; };
		D816805F22B6CA4E00C184EB /* LaunchScreen.storyboard in Resources */ = {isa = PBXBuildFile; fileRef = D816805D22B6CA4E00C184EB /* LaunchScreen.storyboard */; };
		D816806A22B6CA4E00C184EB /* PhotosViewerTests.swift in Sources */ = {isa = PBXBuildFile; fileRef = D816806922B6CA4E00C184EB /* PhotosViewerTests.swift */; };
		D816807522B6CA4E00C184EB /* PhotosViewerUITests.swift in Sources */ = {isa = PBXBuildFile; fileRef = D816807422B6CA4E00C184EB /* PhotosViewerUITests.swift */; };
/* End PBXBuildFile section */

/* Begin PBXContainerItemProxy section */
		D816806622B6CA4E00C184EB /* PBXContainerItemProxy */ = {
			isa = PBXContainerItemProxy;
			containerPortal = D816804622B6CA4C00C184EB /* Project object */;
			proxyType = 1;
			remoteGlobalIDString = D816804D22B6CA4C00C184EB;
			remoteInfo = PhotosViewer;
		};
		D816807122B6CA4E00C184EB /* PBXContainerItemProxy */ = {
			isa = PBXContainerItemProxy;
			containerPortal = D816804622B6CA4C00C184EB /* Project object */;
			proxyType = 1;
			remoteGlobalIDString = D816804D22B6CA4C00C184EB;
			remoteInfo = PhotosViewer;
		};
/* End PBXContainerItemProxy section */

/* Begin PBXFileReference section */
		D816804E22B6CA4C00C184EB /* PhotosViewer.app */ = {isa = PBXFileReference; explicitFileType = wrapper.application; includeInIndex = 0; path = PhotosViewer.app; sourceTree = BUILT_PRODUCTS_DIR; };
		D816805122B6CA4C00C184EB /* AppDelegate.swift */ = {isa = PBXFileReference; lastKnownFileType = sourcecode.swift; path = AppDelegate.swift; sourceTree = "<group>"; };
		D816805322B6CA4C00C184EB /* ViewController.swift */ = {isa = PBXFileReference; lastKnownFileType = sourcecode.swift; path = ViewController.swift; sourceTree = "<group>"; };
		D816805622B6CA4C00C184EB /* Base */ = {isa = PBXFileReference; lastKnownFileType = file.storyboard; name = Base; path = Base.lproj/Main.storyboard; sourceTree = "<group>"; };
		D816805922B6CA4C00C184EB /* PhotosViewer.xcdatamodel */ = {isa = PBXFileReference; lastKnownFileType = wrapper.xcdatamodel; path = PhotosViewer.xcdatamodel; sourceTree = "<group>"; };
		D816805B22B6CA4E00C184EB /* Assets.xcassets */ = {isa = PBXFileReference; lastKnownFileType = folder.assetcatalog; path = Assets.xcassets; sourceTree = "<group>"; };
		D816805E22B6CA4E00C184EB /* Base */ = {isa = PBXFileReference; lastKnownFileType = file.storyboard; name = Base; path = Base.lproj/LaunchScreen.storyboard; sourceTree = "<group>"; };
		D816806022B6CA4E00C184EB /* Info.plist */ = {isa = PBXFileReference; lastKnownFileType = text.plist.xml; path = Info.plist; sourceTree = "<group>"; };
		D816806522B6CA4E00C184EB /* PhotosViewerTests.xctest */ = {isa = PBXFileReference; explicitFileType = wrapper.cfbundle; includeInIndex = 0; path = PhotosViewerTests.xctest; sourceTree = BUILT_PRODUCTS_DIR; };
		D816806922B6CA4E00C184EB /* PhotosViewerTests.swift */ = {isa = PBXFileReference; lastKnownFileType = sourcecode.swift; path = PhotosViewerTests.swift; sourceTree = "<group>"; };
		D816806B22B6CA4E00C184EB /* Info.plist */ = {isa = PBXFileReference; lastKnownFileType = text.plist.xml; path = Info.plist; sourceTree = "<group>"; };
		D816807022B6CA4E00C184EB /* PhotosViewerUITests.xctest */ = {isa = PBXFileReference; explicitFileType = wrapper.cfbundle; includeInIndex = 0; path = PhotosViewerUITests.xctest; sourceTree = BUILT_PRODUCTS_DIR; };
		D816807422B6CA4E00C184EB /* PhotosViewerUITests.swift */ = {isa = PBXFileReference; lastKnownFileType = sourcecode.swift; path = PhotosViewerUITests.swift; sourceTree = "<group>"; };
		D816807622B6CA4E00C184EB /* Info.plist */ = {isa = PBXFileReference; lastKnownFileType = text.plist.xml; path = Info.plist; sourceTree = "<group>"; };
/* End PBXFileReference section */

/* Begin PBXFrameworksBuildPhase section */
		D816804B22B6CA4C00C184EB /* Frameworks */ = {
			isa = PBXFrameworksBuildPhase;
			buildActionMask = 2147483647;
			files = (
			);
			runOnlyForDeploymentPostprocessing = 0;
		};
		D816806222B6CA4E00C184EB /* Frameworks */ = {
			isa = PBXFrameworksBuildPhase;
			buildActionMask = 2147483647;
			files = (
			);
			runOnlyForDeploymentPostprocessing = 0;
		};
		D816806D22B6CA4E00C184EB /* Frameworks */ = {
			isa = PBXFrameworksBuildPhase;
			buildActionMask = 2147483647;
			files = (
			);
			runOnlyForDeploymentPostprocessing = 0;
		};
/* End PBXFrameworksBuildPhase section */

/* Begin PBXGroup section */
		D816804522B6CA4C00C184EB = {
			isa = PBXGroup;
			children = (
				D816805022B6CA4C00C184EB /* PhotosViewer */,
				D816806822B6CA4E00C184EB /* PhotosViewerTests */,
				D816807322B6CA4E00C184EB /* PhotosViewerUITests */,
				D816804F22B6CA4C00C184EB /* Products */,
			);
			sourceTree = "<group>";
		};
		D816804F22B6CA4C00C184EB /* Products */ = {
			isa = PBXGroup;
			children = (
				D816804E22B6CA4C00C184EB /* PhotosViewer.app */,
				D816806522B6CA4E00C184EB /* PhotosViewerTests.xctest */,
				D816807022B6CA4E00C184EB /* PhotosViewerUITests.xctest */,
			);
			name = Products;
			sourceTree = "<group>";
		};
		D816805022B6CA4C00C184EB /* PhotosViewer */ = {
			isa = PBXGroup;
			children = (
				D816805122B6CA4C00C184EB /* AppDelegate.swift */,
				D816805322B6CA4C00C184EB /* ViewController.swift */,
				D816805522B6CA4C00C184EB /* Main.storyboard */,
				D816805B22B6CA4E00C184EB /* Assets.xcassets */,
				D816805D22B6CA4E00C184EB /* LaunchScreen.storyboard */,
				D816806022B6CA4E00C184EB /* Info.plist */,
				D816805822B6CA4C00C184EB /* PhotosViewer.xcdatamodeld */,
			);
			path = PhotosViewer;
			sourceTree = "<group>";
		};
		D816806822B6CA4E00C184EB /* PhotosViewerTests */ = {
			isa = PBXGroup;
			children = (
				D816806922B6CA4E00C184EB /* PhotosViewerTests.swift */,
				D816806B22B6CA4E00C184EB /* Info.plist */,
			);
			path = PhotosViewerTests;
			sourceTree = "<group>";
		};
		D816807322B6CA4E00C184EB /* PhotosViewerUITests */ = {
			isa = PBXGroup;
			children = (
				D816807422B6CA4E00C184EB /* PhotosViewerUITests.swift */,
				D816807622B6CA4E00C184EB /* Info.plist */,
			);
			path = PhotosViewerUITests;
			sourceTree = "<group>";
		};
/* End PBXGroup section */

/* Begin PBXNativeTarget section */
		D816804D22B6CA4C00C184EB /* PhotosViewer */ = {
			isa = PBXNativeTarget;
			buildConfigurationList = D816807922B6CA4E00C184EB /* Build configuration list for PBXNativeTarget "PhotosViewer" */;
			buildPhases = (
				D816804A22B6CA4C00C184EB /* Sources */,
				D816804B22B6CA4C00C184EB /* Frameworks */,
				D816804C22B6CA4C00C184EB /* Resources */,
			);
			buildRules = (
			);
			dependencies = (
			);
			name = PhotosViewer;
			productName = PhotosViewer;
			productReference = D816804E22B6CA4C00C184EB /* PhotosViewer.app */;
			productType = "com.apple.product-type.application";
		};
		D816806422B6CA4E00C184EB /* PhotosViewerTests */ = {
			isa = PBXNativeTarget;
			buildConfigurationList = D816807C22B6CA4E00C184EB /* Build configuration list for PBXNativeTarget "PhotosViewerTests" */;
			buildPhases = (
				D816806122B6CA4E00C184EB /* Sources */,
				D816806222B6CA4E00C184EB /* Frameworks */,
				D816806322B6CA4E00C184EB /* Resources */,
			);
			buildRules = (
			);
			dependencies = (
				D816806722B6CA4E00C184EB /* PBXTargetDependency */,
			);
			name = PhotosViewerTests;
			productName = PhotosViewerTests;
			productReference = D816806522B6CA4E00C184EB /* PhotosViewerTests.xctest */;
			productType = "com.apple.product-type.bundle.unit-test";
		};
		D816806F22B6CA4E00C184EB /* PhotosViewerUITests */ = {
			isa = PBXNativeTarget;
			buildConfigurationList = D816807F22B6CA4E00C184EB /* Build configuration list for PBXNativeTarget "PhotosViewerUITests" */;
			buildPhases = (
				D816806C22B6CA4E00C184EB /* Sources */,
				D816806D22B6CA4E00C184EB /* Frameworks */,
				D816806E22B6CA4E00C184EB /* Resources */,
			);
			buildRules = (
			);
			dependencies = (
				D816807222B6CA4E00C184EB /* PBXTargetDependency */,
			);
			name = PhotosViewerUITests;
			productName = PhotosViewerUITests;
			productReference = D816807022B6CA4E00C184EB /* PhotosViewerUITests.xctest */;
			productType = "com.apple.product-type.bundle.ui-testing";
		};
/* End PBXNativeTarget section */

/* Begin PBXProject section */
		D816804622B6CA4C00C184EB /* Project object */ = {
			isa = PBXProject;
			attributes = {
				LastSwiftUpdateCheck = 1020;
				LastUpgradeCheck = 1020;
				ORGANIZATIONNAME = "Nathan Taylor";
				TargetAttributes = {
					D816804D22B6CA4C00C184EB = {
						CreatedOnToolsVersion = 10.2.1;
					};
					D816806422B6CA4E00C184EB = {
						CreatedOnToolsVersion = 10.2.1;
						TestTargetID = D816804D22B6CA4C00C184EB;
					};
					D816806F22B6CA4E00C184EB = {
						CreatedOnToolsVersion = 10.2.1;
						TestTargetID = D816804D22B6CA4C00C184EB;
					};
				};
			};
			buildConfigurationList = D816804922B6CA4C00C184EB /* Build configuration list for PBXProject "PhotosViewer" */;
			compatibilityVersion = "Xcode 9.3";
			developmentRegion = en;
			hasScannedForEncodings = 0;
			knownRegions = (
				en,
				Base,
			);
			mainGroup = D816804522B6CA4C00C184EB;
			productRefGroup = D816804F22B6CA4C00C184EB /* Products */;
			projectDirPath = "";
			projectRoot = "";
			targets = (
				D816804D22B6CA4C00C184EB /* PhotosViewer */,
				D816806422B6CA4E00C184EB /* PhotosViewerTests */,
				D816806F22B6CA4E00C184EB /* PhotosViewerUITests */,
			);
		};
/* End PBXProject section */

/* Begin PBXResourcesBuildPhase section */
		D816804C22B6CA4C00C184EB /* Resources */ = {
			isa = PBXResourcesBuildPhase;
			buildActionMask = 2147483647;
			files = (
				D816805F22B6CA4E00C184EB /* LaunchScreen.storyboard in Resources */,
				D816805C22B6CA4E00C184EB /* Assets.xcassets in Resources */,
				D816805722B6CA4C00C184EB /* Main.storyboard in Resources */,
			);
			runOnlyForDeploymentPostprocessing = 0;
		};
		D816806322B6CA4E00C184EB /* Resources */ = {
			isa = PBXResourcesBuildPhase;
			buildActionMask = 2147483647;
			files = (
			);
			runOnlyForDeploymentPostprocessing = 0;
		};
		D816806E22B6CA4E00C184EB /* Resources */ = {
			isa = PBXResourcesBuildPhase;
			buildActionMask = 2147483647;
			files = (
			);
			runOnlyForDeploymentPostprocessing = 0;
		};
/* End PBXResourcesBuildPhase section */

/* Begin PBXSourcesBuildPhase section */
		D816804A22B6CA4C00C184EB /* Sources */ = {
			isa = PBXSourcesBuildPhase;
			buildActionMask = 2147483647;
			files = (
				D816805A22B6CA4C00C184EB /* PhotosViewer.xcdatamodeld in Sources */,
				D816805422B6CA4C00C184EB /* ViewController.swift in Sources */,
				D816805222B6CA4C00C184EB /* AppDelegate.swift in Sources */,
			);
			runOnlyForDeploymentPostprocessing = 0;
		};
		D816806122B6CA4E00C184EB /* Sources */ = {
			isa = PBXSourcesBuildPhase;
			buildActionMask = 2147483647;
			files = (
				D816806A22B6CA4E00C184EB /* PhotosViewerTests.swift in Sources */,
			);
			runOnlyForDeploymentPostprocessing = 0;
		};
		D816806C22B6CA4E00C184EB /* Sources */ = {
			isa = PBXSourcesBuildPhase;
			buildActionMask = 2147483647;
			files = (
				D816807522B6CA4E00C184EB /* PhotosViewerUITests.swift in Sources */,
			);
			runOnlyForDeploymentPostprocessing = 0;
		};
/* End PBXSourcesBuildPhase section */

/* Begin PBXTargetDependency section */
		D816806722B6CA4E00C184EB /* PBXTargetDependency */ = {
			isa = PBXTargetDependency;
			target = D816804D22B6CA4C00C184EB /* PhotosViewer */;
			targetProxy = D816806622B6CA4E00C184EB /* PBXContainerItemProxy */;
		};
		D816807222B6CA4E00C184EB /* PBXTargetDependency */ = {
			isa = PBXTargetDependency;
			target = D816804D22B6CA4C00C184EB /* PhotosViewer */;
			targetProxy = D816807122B6CA4E00C184EB /* PBXContainerItemProxy */;
		};
/* End PBXTargetDependency section */

/* Begin PBXVariantGroup section */
		D816805522B6CA4C00C184EB /* Main.storyboard */ = {
			isa = PBXVariantGroup;
			children = (
				D816805622B6CA4C00C184EB /* Base */,
			);
			name = Main.storyboard;
			sourceTree = "<group>";
		};
		D816805D22B6CA4E00C184EB /* LaunchScreen.storyboard */ = {
			isa = PBXVariantGroup;
			children = (
				D816805E22B6CA4E00C184EB /* Base */,
			);
			name = LaunchScreen.storyboard;
			sourceTree = "<group>";
		};
/* End PBXVariantGroup section */

/* Begin XCBuildConfiguration section */
		D816807722B6CA4E00C184EB /* Debug */ = {
			isa = XCBuildConfiguration;
			buildSettings = {
				ALWAYS_SEARCH_USER_PATHS = NO;
				CLANG_ANALYZER_NONNULL = YES;
				CLANG_ANALYZER_NUMBER_OBJECT_CONVERSION = YES_AGGRESSIVE;
				CLANG_CXX_LANGUAGE_STANDARD = "gnu++14";
				CLANG_CXX_LIBRARY = "libc++";
				CLANG_ENABLE_MODULES = YES;
				CLANG_ENABLE_OBJC_ARC = YES;
				CLANG_ENABLE_OBJC_WEAK = YES;
				CLANG_WARN_BLOCK_CAPTURE_AUTORELEASING = YES;
				CLANG_WARN_BOOL_CONVERSION = YES;
				CLANG_WARN_COMMA = YES;
				CLANG_WARN_CONSTANT_CONVERSION = YES;
				CLANG_WARN_DEPRECATED_OBJC_IMPLEMENTATIONS = YES;
				CLANG_WARN_DIRECT_OBJC_ISA_USAGE = YES_ERROR;
				CLANG_WARN_DOCUMENTATION_COMMENTS = YES;
				CLANG_WARN_EMPTY_BODY = YES;
				CLANG_WARN_ENUM_CONVERSION = YES;
				CLANG_WARN_INFINITE_RECURSION = YES;
				CLANG_WARN_INT_CONVERSION = YES;
				CLANG_WARN_NON_LITERAL_NULL_CONVERSION = YES;
				CLANG_WARN_OBJC_IMPLICIT_RETAIN_SELF = YES;
				CLANG_WARN_OBJC_LITERAL_CONVERSION = YES;
				CLANG_WARN_OBJC_ROOT_CLASS = YES_ERROR;
				CLANG_WARN_RANGE_LOOP_ANALYSIS = YES;
				CLANG_WARN_STRICT_PROTOTYPES = YES;
				CLANG_WARN_SUSPICIOUS_MOVE = YES;
				CLANG_WARN_UNGUARDED_AVAILABILITY = YES_AGGRESSIVE;
				CLANG_WARN_UNREACHABLE_CODE = YES;
				CLANG_WARN__DUPLICATE_METHOD_MATCH = YES;
				CODE_SIGN_IDENTITY = "iPhone Developer";
				COPY_PHASE_STRIP = NO;
				DEBUG_INFORMATION_FORMAT = dwarf;
				ENABLE_STRICT_OBJC_MSGSEND = YES;
				ENABLE_TESTABILITY = YES;
				GCC_C_LANGUAGE_STANDARD = gnu11;
				GCC_DYNAMIC_NO_PIC = NO;
				GCC_NO_COMMON_BLOCKS = YES;
				GCC_OPTIMIZATION_LEVEL = 0;
				GCC_PREPROCESSOR_DEFINITIONS = (
					"DEBUG=1",
					"$(inherited)",
				);
				GCC_WARN_64_TO_32_BIT_CONVERSION = YES;
				GCC_WARN_ABOUT_RETURN_TYPE = YES_ERROR;
				GCC_WARN_UNDECLARED_SELECTOR = YES;
				GCC_WARN_UNINITIALIZED_AUTOS = YES_AGGRESSIVE;
				GCC_WARN_UNUSED_FUNCTION = YES;
				GCC_WARN_UNUSED_VARIABLE = YES;
				IPHONEOS_DEPLOYMENT_TARGET = 12.2;
				MTL_ENABLE_DEBUG_INFO = INCLUDE_SOURCE;
				MTL_FAST_MATH = YES;
				ONLY_ACTIVE_ARCH = YES;
				SDKROOT = iphoneos;
				SWIFT_ACTIVE_COMPILATION_CONDITIONS = DEBUG;
				SWIFT_OPTIMIZATION_LEVEL = "-Onone";
			};
			name = Debug;
		};
		D816807822B6CA4E00C184EB /* Release */ = {
			isa = XCBuildConfiguration;
			buildSettings = {
				ALWAYS_SEARCH_USER_PATHS = NO;
				CLANG_ANALYZER_NONNULL = YES;
				CLANG_ANALYZER_NUMBER_OBJECT_CONVERSION = YES_AGGRESSIVE;
				CLANG_CXX_LANGUAGE_STANDARD = "gnu++14";
				CLANG_CXX_LIBRARY = "libc++";
				CLANG_ENABLE_MODULES = YES;
				CLANG_ENABLE_OBJC_ARC = YES;
				CLANG_ENABLE_OBJC_WEAK = YES;
				CLANG_WARN_BLOCK_CAPTURE_AUTORELEASING = YES;
				CLANG_WARN_BOOL_CONVERSION = YES;
				CLANG_WARN_COMMA = YES;
				CLANG_WARN_CONSTANT_CONVERSION = YES;
				CLANG_WARN_DEPRECATED_OBJC_IMPLEMENTATIONS = YES;
				CLANG_WARN_DIRECT_OBJC_ISA_USAGE = YES_ERROR;
				CLANG_WARN_DOCUMENTATION_COMMENTS = YES;
				CLANG_WARN_EMPTY_BODY = YES;
				CLANG_WARN_ENUM_CONVERSION = YES;
				CLANG_WARN_INFINITE_RECURSION = YES;
				CLANG_WARN_INT_CONVERSION = YES;
				CLANG_WARN_NON_LITERAL_NULL_CONVERSION = YES;
				CLANG_WARN_OBJC_IMPLICIT_RETAIN_SELF = YES;
				CLANG_WARN_OBJC_LITERAL_CONVERSION = YES;
				CLANG_WARN_OBJC_ROOT_CLASS = YES_ERROR;
				CLANG_WARN_RANGE_LOOP_ANALYSIS = YES;
				CLANG_WARN_STRICT_PROTOTYPES = YES;
				CLANG_WARN_SUSPICIOUS_MOVE = YES;
				CLANG_WARN_UNGUARDED_AVAILABILITY = YES_AGGRESSIVE;
				CLANG_WARN_UNREACHABLE_CODE = YES;
				CLANG_WARN__DUPLICATE_METHOD_MATCH = YES;
				CODE_SIGN_IDENTITY = "iPhone Developer";
				COPY_PHASE_STRIP = NO;
				DEBUG_INFORMATION_FORMAT = "dwarf-with-dsym";
				ENABLE_NS_ASSERTIONS = NO;
				ENABLE_STRICT_OBJC_MSGSEND = YES;
				GCC_C_LANGUAGE_STANDARD = gnu11;
				GCC_NO_COMMON_BLOCKS = YES;
				GCC_WARN_64_TO_32_BIT_CONVERSION = YES;
				GCC_WARN_ABOUT_RETURN_TYPE = YES_ERROR;
				GCC_WARN_UNDECLARED_SELECTOR = YES;
				GCC_WARN_UNINITIALIZED_AUTOS = YES_AGGRESSIVE;
				GCC_WARN_UNUSED_FUNCTION = YES;
				GCC_WARN_UNUSED_VARIABLE = YES;
				IPHONEOS_DEPLOYMENT_TARGET = 12.2;
				MTL_ENABLE_DEBUG_INFO = NO;
				MTL_FAST_MATH = YES;
				SDKROOT = iphoneos;
				SWIFT_COMPILATION_MODE = wholemodule;
				SWIFT_OPTIMIZATION_LEVEL = "-O";
				VALIDATE_PRODUCT = YES;
			};
			name = Release;
		};
		D816807A22B6CA4E00C184EB /* Debug */ = {
			isa = XCBuildConfiguration;
			buildSettings = {
				ASSETCATALOG_COMPILER_APPICON_NAME = AppIcon;
				CODE_SIGN_STYLE = Automatic;
				DEVELOPMENT_TEAM = DLUJT5TTQE;
				INFOPLIST_FILE = PhotosViewer/Info.plist;
				LD_RUNPATH_SEARCH_PATHS = (
					"$(inherited)",
					"@executable_path/Frameworks",
				);
				PRODUCT_BUNDLE_IDENTIFIER = com.nathantaylor.PhotosViewer;
				PRODUCT_NAME = "$(TARGET_NAME)";
				SWIFT_VERSION = 5.0;
				TARGETED_DEVICE_FAMILY = "1,2";
			};
			name = Debug;
		};
		D816807B22B6CA4E00C184EB /* Release */ = {
			isa = XCBuildConfiguration;
			buildSettings = {
				ASSETCATALOG_COMPILER_APPICON_NAME = AppIcon;
				CODE_SIGN_STYLE = Automatic;
				DEVELOPMENT_TEAM = DLUJT5TTQE;
				INFOPLIST_FILE = PhotosViewer/Info.plist;
				LD_RUNPATH_SEARCH_PATHS = (
					"$(inherited)",
					"@executable_path/Frameworks",
				);
				PRODUCT_BUNDLE_IDENTIFIER = com.nathantaylor.PhotosViewer;
				PRODUCT_NAME = "$(TARGET_NAME)";
				SWIFT_VERSION = 5.0;
				TARGETED_DEVICE_FAMILY = "1,2";
			};
			name = Release;
		};
		D816807D22B6CA4E00C184EB /* Debug */ = {
			isa = XCBuildConfiguration;
			buildSettings = {
				ALWAYS_EMBED_SWIFT_STANDARD_LIBRARIES = YES;
				BUNDLE_LOADER = "$(TEST_HOST)";
				CODE_SIGN_STYLE = Automatic;
				DEVELOPMENT_TEAM = DLUJT5TTQE;
				INFOPLIST_FILE = PhotosViewerTests/Info.plist;
				LD_RUNPATH_SEARCH_PATHS = (
					"$(inherited)",
					"@executable_path/Frameworks",
					"@loader_path/Frameworks",
				);
				PRODUCT_BUNDLE_IDENTIFIER = com.nathantaylor.PhotosViewerTests;
				PRODUCT_NAME = "$(TARGET_NAME)";
				SWIFT_VERSION = 5.0;
				TARGETED_DEVICE_FAMILY = "1,2";
				TEST_HOST = "$(BUILT_PRODUCTS_DIR)/PhotosViewer.app/PhotosViewer";
			};
			name = Debug;
		};
		D816807E22B6CA4E00C184EB /* Release */ = {
			isa = XCBuildConfiguration;
			buildSettings = {
				ALWAYS_EMBED_SWIFT_STANDARD_LIBRARIES = YES;
				BUNDLE_LOADER = "$(TEST_HOST)";
				CODE_SIGN_STYLE = Automatic;
				DEVELOPMENT_TEAM = DLUJT5TTQE;
				INFOPLIST_FILE = PhotosViewerTests/Info.plist;
				LD_RUNPATH_SEARCH_PATHS = (
					"$(inherited)",
					"@executable_path/Frameworks",
					"@loader_path/Frameworks",
				);
				PRODUCT_BUNDLE_IDENTIFIER = com.nathantaylor.PhotosViewerTests;
				PRODUCT_NAME = "$(TARGET_NAME)";
				SWIFT_VERSION = 5.0;
				TARGETED_DEVICE_FAMILY = "1,2";
				TEST_HOST = "$(BUILT_PRODUCTS_DIR)/PhotosViewer.app/PhotosViewer";
			};
			name = Release;
		};
		D816808022B6CA4E00C184EB /* Debug */ = {
			isa = XCBuildConfiguration;
			buildSettings = {
				ALWAYS_EMBED_SWIFT_STANDARD_LIBRARIES = YES;
				CODE_SIGN_STYLE = Automatic;
				DEVELOPMENT_TEAM = DLUJT5TTQE;
				INFOPLIST_FILE = PhotosViewerUITests/Info.plist;
				LD_RUNPATH_SEARCH_PATHS = (
					"$(inherited)",
					"@executable_path/Frameworks",
					"@loader_path/Frameworks",
				);
				PRODUCT_BUNDLE_IDENTIFIER = com.nathantaylor.PhotosViewerUITests;
				PRODUCT_NAME = "$(TARGET_NAME)";
				SWIFT_VERSION = 5.0;
				TARGETED_DEVICE_FAMILY = "1,2";
				TEST_TARGET_NAME = PhotosViewer;
			};
			name = Debug;
		};
		D816808122B6CA4E00C184EB /* Release */ = {
			isa = XCBuildConfiguration;
			buildSettings = {
				ALWAYS_EMBED_SWIFT_STANDARD_LIBRARIES = YES;
				CODE_SIGN_STYLE = Automatic;
				DEVELOPMENT_TEAM = DLUJT5TTQE;
				INFOPLIST_FILE = PhotosViewerUITests/Info.plist;
				LD_RUNPATH_SEARCH_PATHS = (
					"$(inherited)",
					"@executable_path/Frameworks",
					"@loader_path/Frameworks",
				);
				PRODUCT_BUNDLE_IDENTIFIER = com.nathantaylor.PhotosViewerUITests;
				PRODUCT_NAME = "$(TARGET_NAME)";
				SWIFT_VERSION = 5.0;
				TARGETED_DEVICE_FAMILY = "1,2";
				TEST_TARGET_NAME = PhotosViewer;
			};
			name = Release;
		};
/* End XCBuildConfiguration section */

/* Begin XCConfigurationList section */
		D816804922B6CA4C00C184EB /* Build configuration list for PBXProject "PhotosViewer" */ = {
			isa = XCConfigurationList;
			buildConfigurations = (
				D816807722B6CA4E00C184EB /* Debug */,
				D816807822B6CA4E00C184EB /* Release */,
			);
			defaultConfigurationIsVisible = 0;
			defaultConfigurationName = Release;
		};
		D816807922B6CA4E00C184EB /* Build configuration list for PBXNativeTarget "PhotosViewer" */ = {
			isa = XCConfigurationList;
			buildConfigurations = (
				D816807A22B6CA4E00C184EB /* Debug */,
				D816807B22B6CA4E00C184EB /* Release */,
			);
			defaultConfigurationIsVisible = 0;
			defaultConfigurationName = Release;
		};
		D816807C22B6CA4E00C184EB /* Build configuration list for PBXNativeTarget "PhotosViewerTests" */ = {
			isa = XCConfigurationList;
			buildConfigurations = (
				D816807D22B6CA4E00C184EB /* Debug */,
				D816807E22B6CA4E00C184EB /* Release */,
			);
			defaultConfigurationIsVisible = 0;
			defaultConfigurationName = Release;
		};
		D816807F22B6CA4E00C184EB /* Build configuration list for PBXNativeTarget "PhotosViewerUITests" */ = {
			isa = XCConfigurationList;
			buildConfigurations = (
				D816808022B6CA4E00C184EB /* Debug */,
				D816808122B6CA4E00C184EB /* Release */,
			);
			defaultConfigurationIsVisible = 0;
			defaultConfigurationName = Release;
		};
/* End XCConfigurationList section */

/* Begin XCVersionGroup section */
		D816805822B6CA4C00C184EB /* PhotosViewer.xcdatamodeld */ = {
			isa = XCVersionGroup;
			children = (
				D816805922B6CA4C00C184EB /* PhotosViewer.xcdatamodel */,
			);
			currentVersion = D816805922B6CA4C00C184EB /* PhotosViewer.xcdatamodel */;
			path = PhotosViewer.xcdatamodeld;
			sourceTree = "<group>";
			versionGroupType = wrapper.xcdatamodel;
		};
/* End XCVersionGroup section */
	};
	rootObject = D816804622B6CA4C00C184EB /* Project object */;
}
